
Microsoft Visual Studio Solution File, Format Version 12.00
# Visual Studio Version 16
VisualStudioVersion = 16.0.30413.136
MinimumVisualStudioVersion = 10.0.40219.1
Project("{FAE04EC0-301F-11D3-BF4B-00C04F79EFBC}") = "WebApp", "WebApp\WebApp.csproj", "{7D970348-A061-4B80-9CC3-6683DD76A0F5}"
EndProject
Project("{FAE04EC0-301F-11D3-BF4B-00C04F79EFBC}") = "ChinookSystem", "ChinookSystem\ChinookSystem.csproj", "{CD02A55F-84C5-4DB4-B120-4453242E29EA}"
EndProject
Global
	GlobalSection(SolutionConfigurationPlatforms) = preSolution
		Debug|Any CPU = Debug|Any CPU
		Release|Any CPU = Release|Any CPU
	EndGlobalSection
	GlobalSection(ProjectConfigurationPlatforms) = postSolution
		{7D970348-A061-4B80-9CC3-6683DD76A0F5}.Debug|Any CPU.ActiveCfg = Debug|Any CPU
		{7D970348-A061-4B80-9CC3-6683DD76A0F5}.Debug|Any CPU.Build.0 = Debug|Any CPU
		{7D970348-A061-4B80-9CC3-6683DD76A0F5}.Release|Any CPU.ActiveCfg = Release|Any CPU
		{7D970348-A061-4B80-9CC3-6683DD76A0F5}.Release|Any CPU.Build.0 = Release|Any CPU
		{CD02A55F-84C5-4DB4-B120-4453242E29EA}.Debug|Any CPU.ActiveCfg = Debug|Any CPU
		{CD02A55F-84C5-4DB4-B120-4453242E29EA}.Debug|Any CPU.Build.0 = Debug|Any CPU
		{CD02A55F-84C5-4DB4-B120-4453242E29EA}.Release|Any CPU.ActiveCfg = Release|Any CPU
		{CD02A55F-84C5-4DB4-B120-4453242E29EA}.Release|Any CPU.Build.0 = Release|Any CPU
	EndGlobalSection
	GlobalSection(SolutionProperties) = preSolution
		HideSolutionNode = FALSE
	EndGlobalSection
	GlobalSection(ExtensibilityGlobals) = postSolution
		SolutionGuid = {689DB53C-0FB4-42E3-968B-C9838BD4CB01}
	EndGlobalSection
EndGlobal
